// !$*UTF8*$!
{
	archiveVersion = 1;
	classes = {
	};
	objectVersion = 56;
	objects = {

/* Begin PBXBuildFile section */
		CE379E1C2B284FF30051CA54 /* ProductDetailsView.swift in Sources */ = {isa = PBXBuildFile; fileRef = CE379E1B2B284FF20051CA54 /* ProductDetailsView.swift */; };
		CE4670942B258CE300BC489F /* ProductManager.swift in Sources */ = {isa = PBXBuildFile; fileRef = CE4670932B258CE300BC489F /* ProductManager.swift */; };
		CE4670962B258EC900BC489F /* ProductCard.swift in Sources */ = {isa = PBXBuildFile; fileRef = CE4670952B258EC900BC489F /* ProductCard.swift */; };
		CE4670992B25A1EC00BC489F /* CartButton.swift in Sources */ = {isa = PBXBuildFile; fileRef = CE4670982B25A1EC00BC489F /* CartButton.swift */; };
		CE46709B2B25A4D400BC489F /* CartView.swift in Sources */ = {isa = PBXBuildFile; fileRef = CE46709A2B25A4D400BC489F /* CartView.swift */; };
		CE46709D2B25A4FB00BC489F /* ProductRow.swift in Sources */ = {isa = PBXBuildFile; fileRef = CE46709C2B25A4FB00BC489F /* ProductRow.swift */; };
		CE5AB5732B27015900E09724 /* AddressView.swift in Sources */ = {isa = PBXBuildFile; fileRef = CE5AB5722B27015900E09724 /* AddressView.swift */; };
		CE5AB5752B2707EC00E09724 /* Address.swift in Sources */ = {isa = PBXBuildFile; fileRef = CE5AB5742B2707EC00E09724 /* Address.swift */; };
		CE5AB5772B2708A300E09724 /* CheckoutView.swift in Sources */ = {isa = PBXBuildFile; fileRef = CE5AB5762B2708A300E09724 /* CheckoutView.swift */; };
		CE5AB5792B27439700E09724 /* CheckoutProductCard.swift in Sources */ = {isa = PBXBuildFile; fileRef = CE5AB5782B27439700E09724 /* CheckoutProductCard.swift */; };
		CE68CD952B23445C00C8262A /* MyStoreApp.swift in Sources */ = {isa = PBXBuildFile; fileRef = CE68CD942B23445C00C8262A /* MyStoreApp.swift */; };
		CE68CD972B23445C00C8262A /* ContentView.swift in Sources */ = {isa = PBXBuildFile; fileRef = CE68CD962B23445C00C8262A /* ContentView.swift */; };
		CE68CD992B23445F00C8262A /* Assets.xcassets in Resources */ = {isa = PBXBuildFile; fileRef = CE68CD982B23445F00C8262A /* Assets.xcassets */; };
		CE68CD9C2B23445F00C8262A /* Preview Assets.xcassets in Resources */ = {isa = PBXBuildFile; fileRef = CE68CD9B2B23445F00C8262A /* Preview Assets.xcassets */; };
		CE68CDA42B23447400C8262A /* Product.swift in Sources */ = {isa = PBXBuildFile; fileRef = CE68CDA32B23447400C8262A /* Product.swift */; };
/* End PBXBuildFile section */

/* Begin PBXFileReference section */
		CE379E1B2B284FF20051CA54 /* ProductDetailsView.swift */ = {isa = PBXFileReference; lastKnownFileType = sourcecode.swift; path = ProductDetailsView.swift; sourceTree = "<group>"; };
		CE4670932B258CE300BC489F /* ProductManager.swift */ = {isa = PBXFileReference; lastKnownFileType = sourcecode.swift; path = ProductManager.swift; sourceTree = "<group>"; };
		CE4670952B258EC900BC489F /* ProductCard.swift */ = {isa = PBXFileReference; lastKnownFileType = sourcecode.swift; path = ProductCard.swift; sourceTree = "<group>"; };
		CE4670982B25A1EC00BC489F /* CartButton.swift */ = {isa = PBXFileReference; lastKnownFileType = sourcecode.swift; path = CartButton.swift; sourceTree = "<group>"; };
		CE46709A2B25A4D400BC489F /* CartView.swift */ = {isa = PBXFileReference; lastKnownFileType = sourcecode.swift; path = CartView.swift; sourceTree = "<group>"; };
		CE46709C2B25A4FB00BC489F /* ProductRow.swift */ = {isa = PBXFileReference; lastKnownFileType = sourcecode.swift; path = ProductRow.swift; sourceTree = "<group>"; };
		CE5AB5722B27015900E09724 /* AddressView.swift */ = {isa = PBXFileReference; lastKnownFileType = sourcecode.swift; path = AddressView.swift; sourceTree = "<group>"; };
		CE5AB5742B2707EC00E09724 /* Address.swift */ = {isa = PBXFileReference; lastKnownFileType = sourcecode.swift; path = Address.swift; sourceTree = "<group>"; };
		CE5AB5762B2708A300E09724 /* CheckoutView.swift */ = {isa = PBXFileReference; lastKnownFileType = sourcecode.swift; path = CheckoutView.swift; sourceTree = "<group>"; };
		CE5AB5782B27439700E09724 /* CheckoutProductCard.swift */ = {isa = PBXFileReference; lastKnownFileType = sourcecode.swift; path = CheckoutProductCard.swift; sourceTree = "<group>"; };
		CE68CD912B23445C00C8262A /* MyStore.app */ = {isa = PBXFileReference; explicitFileType = wrapper.application; includeInIndex = 0; path = MyStore.app; sourceTree = BUILT_PRODUCTS_DIR; };
		CE68CD942B23445C00C8262A /* MyStoreApp.swift */ = {isa = PBXFileReference; lastKnownFileType = sourcecode.swift; path = MyStoreApp.swift; sourceTree = "<group>"; };
		CE68CD962B23445C00C8262A /* ContentView.swift */ = {isa = PBXFileReference; lastKnownFileType = sourcecode.swift; path = ContentView.swift; sourceTree = "<group>"; };
		CE68CD982B23445F00C8262A /* Assets.xcassets */ = {isa = PBXFileReference; lastKnownFileType = folder.assetcatalog; path = Assets.xcassets; sourceTree = "<group>"; };
		CE68CD9B2B23445F00C8262A /* Preview Assets.xcassets */ = {isa = PBXFileReference; lastKnownFileType = folder.assetcatalog; path = "Preview Assets.xcassets"; sourceTree = "<group>"; };
		CE68CDA32B23447400C8262A /* Product.swift */ = {isa = PBXFileReference; lastKnownFileType = sourcecode.swift; path = Product.swift; sourceTree = "<group>"; };
/* End PBXFileReference section */

/* Begin PBXFrameworksBuildPhase section */
		CE68CD8E2B23445C00C8262A /* Frameworks */ = {
			isa = PBXFrameworksBuildPhase;
			buildActionMask = 2147483647;
			files = (
			);
			runOnlyForDeploymentPostprocessing = 0;
		};
/* End PBXFrameworksBuildPhase section */

/* Begin PBXGroup section */
		CE4670922B258C7500BC489F /* Components */ = {
			isa = PBXGroup;
			children = (
				CE4670952B258EC900BC489F /* ProductCard.swift */,
				CE4670982B25A1EC00BC489F /* CartButton.swift */,
				CE46709C2B25A4FB00BC489F /* ProductRow.swift */,
				CE5AB5782B27439700E09724 /* CheckoutProductCard.swift */,
			);
			path = Components;
			sourceTree = "<group>";
		};
		CE68CD882B23445C00C8262A = {
			isa = PBXGroup;
			children = (
				CE68CD932B23445C00C8262A /* MyStore */,
				CE68CD922B23445C00C8262A /* Products */,
			);
			sourceTree = "<group>";
		};
		CE68CD922B23445C00C8262A /* Products */ = {
			isa = PBXGroup;
			children = (
				CE68CD912B23445C00C8262A /* MyStore.app */,
			);
			name = Products;
			sourceTree = "<group>";
		};
		CE68CD932B23445C00C8262A /* MyStore */ = {
			isa = PBXGroup;
			children = (
				CE4670932B258CE300BC489F /* ProductManager.swift */,
				CE68CDA22B23446A00C8262A /* Models */,
				CE68CD942B23445C00C8262A /* MyStoreApp.swift */,
				CE68CDA52B2344A200C8262A /* Views */,
				CE4670922B258C7500BC489F /* Components */,
				CE68CD982B23445F00C8262A /* Assets.xcassets */,
				CE68CD9A2B23445F00C8262A /* Preview Content */,
			);
			path = MyStore;
			sourceTree = "<group>";
		};
		CE68CD9A2B23445F00C8262A /* Preview Content */ = {
			isa = PBXGroup;
			children = (
				CE68CD9B2B23445F00C8262A /* Preview Assets.xcassets */,
			);
			path = "Preview Content";
			sourceTree = "<group>";
		};
		CE68CDA22B23446A00C8262A /* Models */ = {
			isa = PBXGroup;
			children = (
				CE68CDA32B23447400C8262A /* Product.swift */,
				CE5AB5742B2707EC00E09724 /* Address.swift */,
			);
			path = Models;
			sourceTree = "<group>";
		};
		CE68CDA52B2344A200C8262A /* Views */ = {
			isa = PBXGroup;
			children = (
				CE68CD962B23445C00C8262A /* ContentView.swift */,
				CE46709A2B25A4D400BC489F /* CartView.swift */,
				CE5AB5722B27015900E09724 /* AddressView.swift */,
				CE5AB5762B2708A300E09724 /* CheckoutView.swift */,
				CE379E1B2B284FF20051CA54 /* ProductDetailsView.swift */,
			);
			path = Views;
			sourceTree = "<group>";
		};
/* End PBXGroup section */

/* Begin PBXNativeTarget section */
		CE68CD902B23445C00C8262A /* MyStore */ = {
			isa = PBXNativeTarget;
			buildConfigurationList = CE68CD9F2B23445F00C8262A /* Build configuration list for PBXNativeTarget "MyStore" */;
			buildPhases = (
				CE68CD8D2B23445C00C8262A /* Sources */,
				CE68CD8E2B23445C00C8262A /* Frameworks */,
				CE68CD8F2B23445C00C8262A /* Resources */,
			);
			buildRules = (
			);
			dependencies = (
			);
			name = MyStore;
			productName = MyStore;
			productReference = CE68CD912B23445C00C8262A /* MyStore.app */;
			productType = "com.apple.product-type.application";
		};
/* End PBXNativeTarget section */

/* Begin PBXProject section */
		CE68CD892B23445C00C8262A /* Project object */ = {
			isa = PBXProject;
			attributes = {
				BuildIndependentTargetsInParallel = 1;
				LastSwiftUpdateCheck = 1500;
				LastUpgradeCheck = 1500;
				TargetAttributes = {
					CE68CD902B23445C00C8262A = {
						CreatedOnToolsVersion = 15.0.1;
					};
				};
			};
			buildConfigurationList = CE68CD8C2B23445C00C8262A /* Build configuration list for PBXProject "MyStore" */;
			compatibilityVersion = "Xcode 14.0";
			developmentRegion = en;
			hasScannedForEncodings = 0;
			knownRegions = (
				en,
				Base,
			);
			mainGroup = CE68CD882B23445C00C8262A;
			productRefGroup = CE68CD922B23445C00C8262A /* Products */;
			projectDirPath = "";
			projectRoot = "";
			targets = (
				CE68CD902B23445C00C8262A /* MyStore */,
			);
		};
/* End PBXProject section */

/* Begin PBXResourcesBuildPhase section */
		CE68CD8F2B23445C00C8262A /* Resources */ = {
			isa = PBXResourcesBuildPhase;
			buildActionMask = 2147483647;
			files = (
				CE68CD9C2B23445F00C8262A /* Preview Assets.xcassets in Resources */,
				CE68CD992B23445F00C8262A /* Assets.xcassets in Resources */,
			);
			runOnlyForDeploymentPostprocessing = 0;
		};
/* End PBXResourcesBuildPhase section */

/* Begin PBXSourcesBuildPhase section */
		CE68CD8D2B23445C00C8262A /* Sources */ = {
			isa = PBXSourcesBuildPhase;
			buildActionMask = 2147483647;
			files = (
				CE68CD972B23445C00C8262A /* ContentView.swift in Sources */,
				CE5AB5772B2708A300E09724 /* CheckoutView.swift in Sources */,
				CE46709B2B25A4D400BC489F /* CartView.swift in Sources */,
				CE68CD952B23445C00C8262A /* MyStoreApp.swift in Sources */,
				CE68CDA42B23447400C8262A /* Product.swift in Sources */,
				CE5AB5792B27439700E09724 /* CheckoutProductCard.swift in Sources */,
				CE5AB5752B2707EC00E09724 /* Address.swift in Sources */,
				CE46709D2B25A4FB00BC489F /* ProductRow.swift in Sources */,
				CE5AB5732B27015900E09724 /* AddressView.swift in Sources */,
				CE4670962B258EC900BC489F /* ProductCard.swift in Sources */,
				CE379E1C2B284FF30051CA54 /* ProductDetailsView.swift in Sources */,
				CE4670942B258CE300BC489F /* ProductManager.swift in Sources */,
				CE4670992B25A1EC00BC489F /* CartButton.swift in Sources */,
			);
			runOnlyForDeploymentPostprocessing = 0;
		};
/* End PBXSourcesBuildPhase section */

/* Begin XCBuildConfiguration section */
		CE68CD9D2B23445F00C8262A /* Debug */ = {
			isa = XCBuildConfiguration;
			buildSettings = {
				ALWAYS_SEARCH_USER_PATHS = NO;
				ASSETCATALOG_COMPILER_GENERATE_SWIFT_ASSET_SYMBOL_EXTENSIONS = YES;
				CLANG_ANALYZER_NONNULL = YES;
				CLANG_ANALYZER_NUMBER_OBJECT_CONVERSION = YES_AGGRESSIVE;
				CLANG_CXX_LANGUAGE_STANDARD = "gnu++20";
				CLANG_ENABLE_MODULES = YES;
				CLANG_ENABLE_OBJC_ARC = YES;
				CLANG_ENABLE_OBJC_WEAK = YES;
				CLANG_WARN_BLOCK_CAPTURE_AUTORELEASING = YES;
				CLANG_WARN_BOOL_CONVERSION = YES;
				CLANG_WARN_COMMA = YES;
				CLANG_WARN_CONSTANT_CONVERSION = YES;
				CLANG_WARN_DEPRECATED_OBJC_IMPLEMENTATIONS = YES;
				CLANG_WARN_DIRECT_OBJC_ISA_USAGE = YES_ERROR;
				CLANG_WARN_DOCUMENTATION_COMMENTS = YES;
				CLANG_WARN_EMPTY_BODY = YES;
				CLANG_WARN_ENUM_CONVERSION = YES;
				CLANG_WARN_INFINITE_RECURSION = YES;
				CLANG_WARN_INT_CONVERSION = YES;
				CLANG_WARN_NON_LITERAL_NULL_CONVERSION = YES;
				CLANG_WARN_OBJC_IMPLICIT_RETAIN_SELF = YES;
				CLANG_WARN_OBJC_LITERAL_CONVERSION = YES;
				CLANG_WARN_OBJC_ROOT_CLASS = YES_ERROR;
				CLANG_WARN_QUOTED_INCLUDE_IN_FRAMEWORK_HEADER = YES;
				CLANG_WARN_RANGE_LOOP_ANALYSIS = YES;
				CLANG_WARN_STRICT_PROTOTYPES = YES;
				CLANG_WARN_SUSPICIOUS_MOVE = YES;
				CLANG_WARN_UNGUARDED_AVAILABILITY = YES_AGGRESSIVE;
				CLANG_WARN_UNREACHABLE_CODE = YES;
				CLANG_WARN__DUPLICATE_METHOD_MATCH = YES;
				COPY_PHASE_STRIP = NO;
				DEBUG_INFORMATION_FORMAT = dwarf;
				ENABLE_STRICT_OBJC_MSGSEND = YES;
				ENABLE_TESTABILITY = YES;
				ENABLE_USER_SCRIPT_SANDBOXING = YES;
				GCC_C_LANGUAGE_STANDARD = gnu17;
				GCC_DYNAMIC_NO_PIC = NO;
				GCC_NO_COMMON_BLOCKS = YES;
				GCC_OPTIMIZATION_LEVEL = 0;
				GCC_PREPROCESSOR_DEFINITIONS = (
					"DEBUG=1",
					"$(inherited)",
				);
				GCC_WARN_64_TO_32_BIT_CONVERSION = YES;
				GCC_WARN_ABOUT_RETURN_TYPE = YES_ERROR;
				GCC_WARN_UNDECLARED_SELECTOR = YES;
				GCC_WARN_UNINITIALIZED_AUTOS = YES_AGGRESSIVE;
				GCC_WARN_UNUSED_FUNCTION = YES;
				GCC_WARN_UNUSED_VARIABLE = YES;
				IPHONEOS_DEPLOYMENT_TARGET = 17.0;
				LOCALIZATION_PREFERS_STRING_CATALOGS = YES;
				MTL_ENABLE_DEBUG_INFO = INCLUDE_SOURCE;
				MTL_FAST_MATH = YES;
				ONLY_ACTIVE_ARCH = YES;
				SDKROOT = iphoneos;
				SWIFT_ACTIVE_COMPILATION_CONDITIONS = "DEBUG $(inherited)";
				SWIFT_OPTIMIZATION_LEVEL = "-Onone";
			};
			name = Debug;
		};
		CE68CD9E2B23445F00C8262A /* Release */ = {
			isa = XCBuildConfiguration;
			buildSettings = {
				ALWAYS_SEARCH_USER_PATHS = NO;
				ASSETCATALOG_COMPILER_GENERATE_SWIFT_ASSET_SYMBOL_EXTENSIONS = YES;
				CLANG_ANALYZER_NONNULL = YES;
				CLANG_ANALYZER_NUMBER_OBJECT_CONVERSION = YES_AGGRESSIVE;
				CLANG_CXX_LANGUAGE_STANDARD = "gnu++20";
				CLANG_ENABLE_MODULES = YES;
				CLANG_ENABLE_OBJC_ARC = YES;
				CLANG_ENABLE_OBJC_WEAK = YES;
				CLANG_WARN_BLOCK_CAPTURE_AUTORELEASING = YES;
				CLANG_WARN_BOOL_CONVERSION = YES;
				CLANG_WARN_COMMA = YES;
				CLANG_WARN_CONSTANT_CONVERSION = YES;
				CLANG_WARN_DEPRECATED_OBJC_IMPLEMENTATIONS = YES;
				CLANG_WARN_DIRECT_OBJC_ISA_USAGE = YES_ERROR;
				CLANG_WARN_DOCUMENTATION_COMMENTS = YES;
				CLANG_WARN_EMPTY_BODY = YES;
				CLANG_WARN_ENUM_CONVERSION = YES;
				CLANG_WARN_INFINITE_RECURSION = YES;
				CLANG_WARN_INT_CONVERSION = YES;
				CLANG_WARN_NON_LITERAL_NULL_CONVERSION = YES;
				CLANG_WARN_OBJC_IMPLICIT_RETAIN_SELF = YES;
				CLANG_WARN_OBJC_LITERAL_CONVERSION = YES;
				CLANG_WARN_OBJC_ROOT_CLASS = YES_ERROR;
				CLANG_WARN_QUOTED_INCLUDE_IN_FRAMEWORK_HEADER = YES;
				CLANG_WARN_RANGE_LOOP_ANALYSIS = YES;
				CLANG_WARN_STRICT_PROTOTYPES = YES;
				CLANG_WARN_SUSPICIOUS_MOVE = YES;
				CLANG_WARN_UNGUARDED_AVAILABILITY = YES_AGGRESSIVE;
				CLANG_WARN_UNREACHABLE_CODE = YES;
				CLANG_WARN__DUPLICATE_METHOD_MATCH = YES;
				COPY_PHASE_STRIP = NO;
				DEBUG_INFORMATION_FORMAT = "dwarf-with-dsym";
				ENABLE_NS_ASSERTIONS = NO;
				ENABLE_STRICT_OBJC_MSGSEND = YES;
				ENABLE_USER_SCRIPT_SANDBOXING = YES;
				GCC_C_LANGUAGE_STANDARD = gnu17;
				GCC_NO_COMMON_BLOCKS = YES;
				GCC_WARN_64_TO_32_BIT_CONVERSION = YES;
				GCC_WARN_ABOUT_RETURN_TYPE = YES_ERROR;
				GCC_WARN_UNDECLARED_SELECTOR = YES;
				GCC_WARN_UNINITIALIZED_AUTOS = YES_AGGRESSIVE;
				GCC_WARN_UNUSED_FUNCTION = YES;
				GCC_WARN_UNUSED_VARIABLE = YES;
				IPHONEOS_DEPLOYMENT_TARGET = 17.0;
				LOCALIZATION_PREFERS_STRING_CATALOGS = YES;
				MTL_ENABLE_DEBUG_INFO = NO;
				MTL_FAST_MATH = YES;
				SDKROOT = iphoneos;
				SWIFT_COMPILATION_MODE = wholemodule;
				VALIDATE_PRODUCT = YES;
			};
			name = Release;
		};
		CE68CDA02B23445F00C8262A /* Debug */ = {
			isa = XCBuildConfiguration;
			buildSettings = {
				ASSETCATALOG_COMPILER_APPICON_NAME = AppIcon;
				ASSETCATALOG_COMPILER_GLOBAL_ACCENT_COLOR_NAME = AccentColor;
				CODE_SIGN_STYLE = Automatic;
				CURRENT_PROJECT_VERSION = 1;
				DEVELOPMENT_ASSET_PATHS = "\"MyStore/Preview Content\"";
				DEVELOPMENT_TEAM = 56A7RU2L35;
				ENABLE_PREVIEWS = YES;
				GENERATE_INFOPLIST_FILE = YES;
				INFOPLIST_KEY_UIApplicationSceneManifest_Generation = YES;
				INFOPLIST_KEY_UIApplicationSupportsIndirectInputEvents = YES;
				INFOPLIST_KEY_UILaunchScreen_Generation = YES;
				INFOPLIST_KEY_UISupportedInterfaceOrientations_iPad = "UIInterfaceOrientationPortrait UIInterfaceOrientationPortraitUpsideDown UIInterfaceOrientationLandscapeLeft UIInterfaceOrientationLandscapeRight";
				INFOPLIST_KEY_UISupportedInterfaceOrientations_iPhone = "UIInterfaceOrientationPortrait UIInterfaceOrientationLandscapeLeft UIInterfaceOrientationLandscapeRight";
				LD_RUNPATH_SEARCH_PATHS = (
					"$(inherited)",
					"@executable_path/Frameworks",
				);
				MARKETING_VERSION = 1.0;
				PRODUCT_BUNDLE_IDENTIFIER = com.hmoo.MyStore;
				PRODUCT_NAME = "$(TARGET_NAME)";
				SWIFT_EMIT_LOC_STRINGS = YES;
				SWIFT_VERSION = 5.0;
				TARGETED_DEVICE_FAMILY = "1,2";
			};
			name = Debug;
		};
		CE68CDA12B23445F00C8262A /* Release */ = {
			isa = XCBuildConfiguration;
			buildSettings = {
				ASSETCATALOG_COMPILER_APPICON_NAME = AppIcon;
				ASSETCATALOG_COMPILER_GLOBAL_ACCENT_COLOR_NAME = AccentColor;
				CODE_SIGN_STYLE = Automatic;
				CURRENT_PROJECT_VERSION = 1;
				DEVELOPMENT_ASSET_PATHS = "\"MyStore/Preview Content\"";
				DEVELOPMENT_TEAM = 56A7RU2L35;
				ENABLE_PREVIEWS = YES;
				GENERATE_INFOPLIST_FILE = YES;
				INFOPLIST_KEY_UIApplicationSceneManifest_Generation = YES;
				INFOPLIST_KEY_UIApplicationSupportsIndirectInputEvents = YES;
				INFOPLIST_KEY_UILaunchScreen_Generation = YES;
				INFOPLIST_KEY_UISupportedInterfaceOrientations_iPad = "UIInterfaceOrientationPortrait UIInterfaceOrientationPortraitUpsideDown UIInterfaceOrientationLandscapeLeft UIInterfaceOrientationLandscapeRight";
				INFOPLIST_KEY_UISupportedInterfaceOrientations_iPhone = "UIInterfaceOrientationPortrait UIInterfaceOrientationLandscapeLeft UIInterfaceOrientationLandscapeRight";
				LD_RUNPATH_SEARCH_PATHS = (
					"$(inherited)",
					"@executable_path/Frameworks",
				);
				MARKETING_VERSION = 1.0;
				PRODUCT_BUNDLE_IDENTIFIER = com.hmoo.MyStore;
				PRODUCT_NAME = "$(TARGET_NAME)";
				SWIFT_EMIT_LOC_STRINGS = YES;
				SWIFT_VERSION = 5.0;
				TARGETED_DEVICE_FAMILY = "1,2";
			};
			name = Release;
		};
/* End XCBuildConfiguration section */

/* Begin XCConfigurationList section */
		CE68CD8C2B23445C00C8262A /* Build configuration list for PBXProject "MyStore" */ = {
			isa = XCConfigurationList;
			buildConfigurations = (
				CE68CD9D2B23445F00C8262A /* Debug */,
				CE68CD9E2B23445F00C8262A /* Release */,
			);
			defaultConfigurationIsVisible = 0;
			defaultConfigurationName = Release;
		};
		CE68CD9F2B23445F00C8262A /* Build configuration list for PBXNativeTarget "MyStore" */ = {
			isa = XCConfigurationList;
			buildConfigurations = (
				CE68CDA02B23445F00C8262A /* Debug */,
				CE68CDA12B23445F00C8262A /* Release */,
			);
			defaultConfigurationIsVisible = 0;
			defaultConfigurationName = Release;
		};
/* End XCConfigurationList section */
	};
	rootObject = CE68CD892B23445C00C8262A /* Project object */;
}
